
Microsoft Visual Studio Solution File, Format Version 12.00
# Visual Studio Version 17
VisualStudioVersion = 17.8.34309.116
MinimumVisualStudioVersion = 10.0.40219.1
Project("{9A19103F-16F7-4668-BE54-9A1E7A4F7556}") = "RizSoft.MtbSchool.Entities", "RizSoft.MtbSchool.Entities\RizSoft.MtbSchool.Entities.csproj", "{163E3349-881A-4611-B219-D43FAE011ACA}"
EndProject
Project("{9A19103F-16F7-4668-BE54-9A1E7A4F7556}") = "RizSoft.MtbSchool.Services", "RizSoft.MtbSchool.Services\RizSoft.MtbSchool.Services.csproj", "{01E9D14E-E068-461F-ADCA-EAD5844CFDD8}"
EndProject
Project("{9A19103F-16F7-4668-BE54-9A1E7A4F7556}") = "RizSoft.MtbSchool.WebApi", "RizSoft.MtbSchool.WebApi\RizSoft.MtbSchool.WebApi.csproj", "{E4911042-5555-463B-9815-12D9AF59DF15}"
EndProject
Project("{2150E333-8FDC-42A3-9474-1A3956D46DE8}") = "Presentation", "Presentation", "{20E21863-03C6-4E17-9F58-152C8C7DFF10}"
EndProject
Project("{2150E333-8FDC-42A3-9474-1A3956D46DE8}") = "Infrastructure", "Infrastructure", "{3E6D0AC1-85A8-4AD3-B019-C9ABA409F401}"
EndProject
Project("{2150E333-8FDC-42A3-9474-1A3956D46DE8}") = "Core", "Core", "{CC7653B8-2DF2-47AC-BAFF-914C73B748F1}"
EndProject
Project("{9A19103F-16F7-4668-BE54-9A1E7A4F7556}") = "RizSoft.MtbSchool.Backoffice", "RizSoft.MtbSchool.Backoffice\RizSoft.MtbSchool.Backoffice\RizSoft.MtbSchool.Backoffice.csproj", "{FF3FAB0C-46BD-4E6A-816B-C300DACBECC4}"
EndProject
Project("{9A19103F-16F7-4668-BE54-9A1E7A4F7556}") = "RizSoft.MtbSchool.Backoffice.Client", "RizSoft.MtbSchool.Backoffice\RizSoft.MtbSchool.Backoffice.Client\RizSoft.MtbSchool.Backoffice.Client.csproj", "{64173B69-4A5F-4CE1-AB60-349AAD63DC29}"
EndProject
Project("{2150E333-8FDC-42A3-9474-1A3956D46DE8}") = "Application", "Application", "{B50266C6-7DFF-4693-962E-30D7874BB38D}"
EndProject
Project("{9A19103F-16F7-4668-BE54-9A1E7A4F7556}") = "RizSoft.MtbSchool.Application", "RizSoft.MtbSchool.Application\RizSoft.MtbSchool.Application.csproj", "{D1E395A1-C20C-475D-8030-DCED297DC54D}"
EndProject
Project("{9A19103F-16F7-4668-BE54-9A1E7A4F7556}") = "RizSoft.MtbSchool.Maui.App", "RizSoft.MtbSchool.Maui.App\RizSoft.MtbSchool.Maui.App.csproj", "{D7E8110E-7A4A-4F22-A8F4-75CFA71E3A5A}"
EndProject
Project("{9A19103F-16F7-4668-BE54-9A1E7A4F7556}") = "RizSoft.MtbSchool.Website", "RizSoft.MtbSchool.Website\RizSoft.MtbSchool.Website.csproj", "{A4B770FD-8DEB-4288-AC0E-B5CED28F6016}"
EndProject
Global
	GlobalSection(SolutionConfigurationPlatforms) = preSolution
		Debug|Any CPU = Debug|Any CPU
		Release|Any CPU = Release|Any CPU
	EndGlobalSection
	GlobalSection(ProjectConfigurationPlatforms) = postSolution
		{163E3349-881A-4611-B219-D43FAE011ACA}.Debug|Any CPU.ActiveCfg = Debug|Any CPU
		{163E3349-881A-4611-B219-D43FAE011ACA}.Debug|Any CPU.Build.0 = Debug|Any CPU
		{163E3349-881A-4611-B219-D43FAE011ACA}.Release|Any CPU.ActiveCfg = Release|Any CPU
		{163E3349-881A-4611-B219-D43FAE011ACA}.Release|Any CPU.Build.0 = Release|Any CPU
		{01E9D14E-E068-461F-ADCA-EAD5844CFDD8}.Debug|Any CPU.ActiveCfg = Debug|Any CPU
		{01E9D14E-E068-461F-ADCA-EAD5844CFDD8}.Debug|Any CPU.Build.0 = Debug|Any CPU
		{01E9D14E-E068-461F-ADCA-EAD5844CFDD8}.Release|Any CPU.ActiveCfg = Release|Any CPU
		{01E9D14E-E068-461F-ADCA-EAD5844CFDD8}.Release|Any CPU.Build.0 = Release|Any CPU
		{E4911042-5555-463B-9815-12D9AF59DF15}.Debug|Any CPU.ActiveCfg = Debug|Any CPU
		{E4911042-5555-463B-9815-12D9AF59DF15}.Debug|Any CPU.Build.0 = Debug|Any CPU
		{E4911042-5555-463B-9815-12D9AF59DF15}.Release|Any CPU.ActiveCfg = Release|Any CPU
		{E4911042-5555-463B-9815-12D9AF59DF15}.Release|Any CPU.Build.0 = Release|Any CPU
		{FF3FAB0C-46BD-4E6A-816B-C300DACBECC4}.Debug|Any CPU.ActiveCfg = Debug|Any CPU
		{FF3FAB0C-46BD-4E6A-816B-C300DACBECC4}.Debug|Any CPU.Build.0 = Debug|Any CPU
		{FF3FAB0C-46BD-4E6A-816B-C300DACBECC4}.Release|Any CPU.ActiveCfg = Release|Any CPU
		{FF3FAB0C-46BD-4E6A-816B-C300DACBECC4}.Release|Any CPU.Build.0 = Release|Any CPU
		{64173B69-4A5F-4CE1-AB60-349AAD63DC29}.Debug|Any CPU.ActiveCfg = Debug|Any CPU
		{64173B69-4A5F-4CE1-AB60-349AAD63DC29}.Debug|Any CPU.Build.0 = Debug|Any CPU
		{64173B69-4A5F-4CE1-AB60-349AAD63DC29}.Release|Any CPU.ActiveCfg = Release|Any CPU
		{64173B69-4A5F-4CE1-AB60-349AAD63DC29}.Release|Any CPU.Build.0 = Release|Any CPU
		{D1E395A1-C20C-475D-8030-DCED297DC54D}.Debug|Any CPU.ActiveCfg = Debug|Any CPU
		{D1E395A1-C20C-475D-8030-DCED297DC54D}.Debug|Any CPU.Build.0 = Debug|Any CPU
		{D1E395A1-C20C-475D-8030-DCED297DC54D}.Release|Any CPU.ActiveCfg = Release|Any CPU
		{D1E395A1-C20C-475D-8030-DCED297DC54D}.Release|Any CPU.Build.0 = Release|Any CPU
		{D7E8110E-7A4A-4F22-A8F4-75CFA71E3A5A}.Debug|Any CPU.ActiveCfg = Debug|Any CPU
		{D7E8110E-7A4A-4F22-A8F4-75CFA71E3A5A}.Debug|Any CPU.Build.0 = Debug|Any CPU
		{D7E8110E-7A4A-4F22-A8F4-75CFA71E3A5A}.Debug|Any CPU.Deploy.0 = Debug|Any CPU
		{D7E8110E-7A4A-4F22-A8F4-75CFA71E3A5A}.Release|Any CPU.ActiveCfg = Release|Any CPU
		{D7E8110E-7A4A-4F22-A8F4-75CFA71E3A5A}.Release|Any CPU.Build.0 = Release|Any CPU
		{D7E8110E-7A4A-4F22-A8F4-75CFA71E3A5A}.Release|Any CPU.Deploy.0 = Release|Any CPU
		{A4B770FD-8DEB-4288-AC0E-B5CED28F6016}.Debug|Any CPU.ActiveCfg = Debug|Any CPU
		{A4B770FD-8DEB-4288-AC0E-B5CED28F6016}.Debug|Any CPU.Build.0 = Debug|Any CPU
		{A4B770FD-8DEB-4288-AC0E-B5CED28F6016}.Release|Any CPU.ActiveCfg = Release|Any CPU
		{A4B770FD-8DEB-4288-AC0E-B5CED28F6016}.Release|Any CPU.Build.0 = Release|Any CPU
	EndGlobalSection
	GlobalSection(SolutionProperties) = preSolution
		HideSolutionNode = FALSE
	EndGlobalSection
	GlobalSection(NestedProjects) = preSolution
		{163E3349-881A-4611-B219-D43FAE011ACA} = {CC7653B8-2DF2-47AC-BAFF-914C73B748F1}
		{01E9D14E-E068-461F-ADCA-EAD5844CFDD8} = {3E6D0AC1-85A8-4AD3-B019-C9ABA409F401}
		{E4911042-5555-463B-9815-12D9AF59DF15} = {20E21863-03C6-4E17-9F58-152C8C7DFF10}
		{FF3FAB0C-46BD-4E6A-816B-C300DACBECC4} = {20E21863-03C6-4E17-9F58-152C8C7DFF10}
		{64173B69-4A5F-4CE1-AB60-349AAD63DC29} = {20E21863-03C6-4E17-9F58-152C8C7DFF10}
		{D1E395A1-C20C-475D-8030-DCED297DC54D} = {B50266C6-7DFF-4693-962E-30D7874BB38D}
		{D7E8110E-7A4A-4F22-A8F4-75CFA71E3A5A} = {20E21863-03C6-4E17-9F58-152C8C7DFF10}
		{A4B770FD-8DEB-4288-AC0E-B5CED28F6016} = {20E21863-03C6-4E17-9F58-152C8C7DFF10}
	EndGlobalSection
	GlobalSection(ExtensibilityGlobals) = postSolution
		SolutionGuid = {F5E32436-93DB-42AD-8A0B-14E7B8480BF9}
	EndGlobalSection
EndGlobal
